
Microsoft Visual Studio Solution File, Format Version 12.00
# Visual Studio Version 17
VisualStudioVersion = 17.10.35122.118
MinimumVisualStudioVersion = 10.0.40219.1
Project("{2150E333-8FDC-42A3-9474-1A3956D46DE8}") = "src", "src", "{2EA19D89-63E4-49D7-B4DF-155E5003F49C}"
EndProject
Project("{2150E333-8FDC-42A3-9474-1A3956D46DE8}") = "test", "test", "{ABDB0432-3A37-4266-B5CB-57515F85A45A}"
EndProject
Project("{2150E333-8FDC-42A3-9474-1A3956D46DE8}") = "API", "API", "{14E33FE7-01D7-4A89-BC71-7A5342FE02EF}"
EndProject
Project("{2150E333-8FDC-42A3-9474-1A3956D46DE8}") = "Common", "Common", "{4843759D-A596-49E0-8106-2763C2BA7283}"
EndProject
Project("{2150E333-8FDC-42A3-9474-1A3956D46DE8}") = "Modules", "Modules", "{08C9925E-85A4-419D-9A41-46D55824F5C9}"
EndProject
Project("{2150E333-8FDC-42A3-9474-1A3956D46DE8}") = "Users", "Users", "{D57DAD21-AEA7-4C78-B4E9-C32358F8EDF2}"
EndProject
Project("{2150E333-8FDC-42A3-9474-1A3956D46DE8}") = "test", "test", "{A0AF355D-839F-4D58-B02C-C7EC85797E9A}"
EndProject
Project("{FAE04EC0-301F-11D3-BF4B-00C04F79EFBC}") = "MyAutoTrack.IntegrationTests", "test\MyAutoTrack.IntegrationTests\MyAutoTrack.IntegrationTests.csproj", "{5F48B547-71BC-4589-8108-49BCA3530851}"
EndProject
Project("{FAE04EC0-301F-11D3-BF4B-00C04F79EFBC}") = "MyAutoTrack.ArchitectureTests", "test\MyAutoTrack.ArchitectureTests\MyAutoTrack.ArchitectureTests.csproj", "{68E3F388-60FD-47A9-8CC6-495DD1F9ABE1}"
EndProject
Project("{FAE04EC0-301F-11D3-BF4B-00C04F79EFBC}") = "MyAutoTrack.Api", "src\API\MyAutoTrack.Api\MyAutoTrack.Api.csproj", "{B71F6DFD-45E9-4F1E-B9FC-ACB3A5336D7A}"
EndProject
Project("{FAE04EC0-301F-11D3-BF4B-00C04F79EFBC}") = "MyAutoTrack.Common.Application", "src\Common\MyAutoTrack.Common.Application\MyAutoTrack.Common.Application.csproj", "{F68B3448-8C57-4315-BB64-C24B65A7E82B}"
EndProject
Project("{FAE04EC0-301F-11D3-BF4B-00C04F79EFBC}") = "MyAutoTrack.Common.Domain", "src\Common\MyAutoTrack.Common.Domain\MyAutoTrack.Common.Domain.csproj", "{E7CB4422-4830-4734-B34C-244C14B2EBE0}"
EndProject
Project("{FAE04EC0-301F-11D3-BF4B-00C04F79EFBC}") = "MyAutoTrack.Common.Infrastructure", "src\Common\MyAutoTrack.Common.Infrastructure\MyAutoTrack.Common.Infrastructure.csproj", "{8DE606DA-FC3D-47BC-8EC1-80FCCFEC3E1D}"
EndProject
Project("{FAE04EC0-301F-11D3-BF4B-00C04F79EFBC}") = "MyAutoTrack.Common.Presentation", "src\Common\MyAutoTrack.Common.Presentation\MyAutoTrack.Common.Presentation.csproj", "{F844172A-4EF6-4410-A19D-E6FD27418B96}"
EndProject
Project("{FAE04EC0-301F-11D3-BF4B-00C04F79EFBC}") = "MyAutoTrack.Modules.Users.UnitTests", "src\Modules\Users\MyAutoTrack.Modules.Users.UnitTests\MyAutoTrack.Modules.Users.UnitTests.csproj", "{E2D824DC-CE0C-4789-9375-427E1C484A74}"
EndProject
Project("{FAE04EC0-301F-11D3-BF4B-00C04F79EFBC}") = "MyAutoTrack.Modules.Users.ArchitectureTests", "src\Modules\Users\MyAutoTrack.Modules.Users.ArchitectureTests\MyAutoTrack.Modules.Users.ArchitectureTests.csproj", "{165D7603-F9AE-48FE-B78C-0B0F66AFC359}"
EndProject
Project("{2150E333-8FDC-42A3-9474-1A3956D46DE8}") = "Vehicles", "Vehicles", "{F6B30AB2-B08F-40B2-9250-1A90156A41D5}"
EndProject
Project("{2150E333-8FDC-42A3-9474-1A3956D46DE8}") = "test", "test", "{8AAF8DCD-FE69-4161-BA9A-DF6BEDAC1F06}"
EndProject
Project("{2150E333-8FDC-42A3-9474-1A3956D46DE8}") = "Maintenance", "Maintenance", "{68309B5C-E310-4FF4-B7D3-83A97DFD50BE}"
EndProject
Project("{2150E333-8FDC-42A3-9474-1A3956D46DE8}") = "test", "test", "{3FF99669-DD47-487B-AD19-87B3C371806B}"
EndProject
Project("{FAE04EC0-301F-11D3-BF4B-00C04F79EFBC}") = "MyAutoTrack.Modules.Vehicles.ArchitectureTests", "src\Modules\Vehicles\MyAutoTrack.Modules.Vehicles.ArchitectureTests\MyAutoTrack.Modules.Vehicles.ArchitectureTests.csproj", "{50247742-35A0-438B-A0AD-94F90101938D}"
EndProject
Project("{FAE04EC0-301F-11D3-BF4B-00C04F79EFBC}") = "MyAutoTrack.Modules.Vehicles.UnitTests", "src\Modules\Vehicles\MyAutoTrack.Modules.Vehicles.UnitTests\MyAutoTrack.Modules.Vehicles.UnitTests.csproj", "{CBB1368A-A76F-41BC-B549-7C976A4AEE21}"
EndProject
Project("{FAE04EC0-301F-11D3-BF4B-00C04F79EFBC}") = "MyAutoTrack.Modules.Maintenance.UnitTests", "src\Modules\Maintenance\MyAutoTrack.Modules.Maintenance.UnitTests\MyAutoTrack.Modules.Maintenance.UnitTests.csproj", "{A254428A-0D07-4311-82B2-60FBF8E2BAE4}"
EndProject
Project("{FAE04EC0-301F-11D3-BF4B-00C04F79EFBC}") = "MyAutoTrack.Modules.Maintenance.ArchitectureTests", "src\Modules\Maintenance\MyAutoTrack.Modules.Maintenance.ArchitectureTests\MyAutoTrack.Modules.Maintenance.ArchitectureTests.csproj", "{6766821C-F0FC-42A6-87A0-F8B2BDFEB921}"
EndProject
Project("{2150E333-8FDC-42A3-9474-1A3956D46DE8}") = "Lifecycle", "Lifecycle", "{639442D2-90C0-44FD-ACE6-EEB54C0BDA61}"
EndProject
Project("{2150E333-8FDC-42A3-9474-1A3956D46DE8}") = "test", "test", "{795E09D9-CAA1-49F0-B65C-85CC134C9B0E}"
EndProject
Project("{FAE04EC0-301F-11D3-BF4B-00C04F79EFBC}") = "MyAutoTrack.Modules.Lifecycle.UnitTests", "src\Modules\Lifecycle\MyAutoTrack.Modules.Lifecycle.UnitTests\MyAutoTrack.Modules.Lifecycle.UnitTests.csproj", "{268EE04A-CD76-4EBA-9402-EA5275C8B4D0}"
EndProject
Project("{FAE04EC0-301F-11D3-BF4B-00C04F79EFBC}") = "MyAutoTrack.Modules.Lifecycle.ArchitectureTests", "src\Modules\Lifecycle\MyAutoTrack.Modules.Lifecycle.ArchitectureTests\MyAutoTrack.Modules.Lifecycle.ArchitectureTests.csproj", "{A321D371-E554-4B26-8068-966F699A78FA}"
EndProject
Project("{FAE04EC0-301F-11D3-BF4B-00C04F79EFBC}") = "MyAutoTrack.Modules.Users.Application", "src\Modules\Users\MyAutoTrack.Modules.Users.Application\MyAutoTrack.Modules.Users.Application.csproj", "{DCBF9A0A-11B6-49CF-B79F-DE723314B041}"
EndProject
Project("{FAE04EC0-301F-11D3-BF4B-00C04F79EFBC}") = "MyAutoTrack.Modules.Users.Domain", "src\Modules\Users\MyAutoTrack.Modules.Users.Domain\MyAutoTrack.Modules.Users.Domain.csproj", "{DEF2CCA7-D30B-427A-950E-24B10BBB905E}"
EndProject
Project("{FAE04EC0-301F-11D3-BF4B-00C04F79EFBC}") = "MyAutoTrack.Modules.Users.Infrastructure", "src\Modules\Users\MyAutoTrack.Modules.Users.Infrastructure\MyAutoTrack.Modules.Users.Infrastructure.csproj", "{46E54365-178F-42F6-AFFC-44A5268A5451}"
EndProject
Project("{FAE04EC0-301F-11D3-BF4B-00C04F79EFBC}") = "MyAutoTrack.Modules.Users.Presentation", "src\Modules\Users\MyAutoTrack.Modules.Users.Presentation\MyAutoTrack.Modules.Users.Presentation.csproj", "{BBB487C6-4828-425E-8CFD-868C2DA03F46}"
EndProject
Project("{FAE04EC0-301F-11D3-BF4B-00C04F79EFBC}") = "MyAutoTrack.Modules.Users.IntegrationEvents", "src\Modules\Users\MyAutoTrack.Modules.Users.IntegrationEvents\MyAutoTrack.Modules.Users.IntegrationEvents.csproj", "{0C362D92-81F1-4A72-BAC0-E3BA20AF10A0}"
EndProject
Project("{FAE04EC0-301F-11D3-BF4B-00C04F79EFBC}") = "MyAutoTrack.Modules.Vehicles.Application", "src\Modules\Vehicles\MyAutoTrack.Modules.Vehicles.Application\MyAutoTrack.Modules.Vehicles.Application.csproj", "{ABBD3116-153C-48AE-96FB-A3D8C8D3E39D}"
EndProject
Project("{FAE04EC0-301F-11D3-BF4B-00C04F79EFBC}") = "MyAutoTrack.Modules.Vehicles.Infrastructure", "src\Modules\Vehicles\MyAutoTrack.Modules.Vehicles.Infrastructure\MyAutoTrack.Modules.Vehicles.Infrastructure.csproj", "{B3C8E544-5988-4301-9306-B4AC1CCEC511}"
EndProject
Project("{FAE04EC0-301F-11D3-BF4B-00C04F79EFBC}") = "MyAutoTrack.Modules.Vehicles.Domain", "src\Modules\Vehicles\MyAutoTrack.Modules.Vehicles.Domain\MyAutoTrack.Modules.Vehicles.Domain.csproj", "{ADAC5C5C-7C1C-473F-97F3-9DD437B4B12E}"
EndProject
Project("{FAE04EC0-301F-11D3-BF4B-00C04F79EFBC}") = "MyAutoTrack.Modules.Vehicles.Presentation", "src\Modules\Vehicles\MyAutoTrack.Modules.Vehicles.Presentation\MyAutoTrack.Modules.Vehicles.Presentation.csproj", "{0054E7A2-F006-4444-A8CC-804FF5EAA943}"
EndProject
Project("{FAE04EC0-301F-11D3-BF4B-00C04F79EFBC}") = "MyAutoTrack.Modules.Vehicles.IntegrationEvents", "src\Modules\Vehicles\MyAutoTrack.Modules.Vehicles.IntegrationEvents\MyAutoTrack.Modules.Vehicles.IntegrationEvents.csproj", "{F465B8A3-2E50-4693-9C3E-10552E9BA32D}"
EndProject
Project("{FAE04EC0-301F-11D3-BF4B-00C04F79EFBC}") = "MyAutoTrack.Modules.Maintenance.Application", "src\Modules\Maintenance\MyAutoTrack.Modules.Maintenance.Application\MyAutoTrack.Modules.Maintenance.Application.csproj", "{EF57D3D2-8C4A-4007-8122-51CA146DCBEE}"
EndProject
Project("{FAE04EC0-301F-11D3-BF4B-00C04F79EFBC}") = "MyAutoTrack.Modules.Maintenance.Domain", "src\Modules\Maintenance\MyAutoTrack.Modules.Maintenance.Domain\MyAutoTrack.Modules.Maintenance.Domain.csproj", "{705F68DD-A1C9-4F4E-B855-CED560277C14}"
EndProject
Project("{FAE04EC0-301F-11D3-BF4B-00C04F79EFBC}") = "MyAutoTrack.Modules.Maintenance.Infrastructure", "src\Modules\Maintenance\MyAutoTrack.Modules.Maintenance.Infrastructure\MyAutoTrack.Modules.Maintenance.Infrastructure.csproj", "{F5E3704E-671F-47E4-8E4D-D555919C8097}"
EndProject
Project("{FAE04EC0-301F-11D3-BF4B-00C04F79EFBC}") = "MyAutoTrack.Modules.Maintenance.Presentation", "src\Modules\Maintenance\MyAutoTrack.Modules.Maintenance.Presentation\MyAutoTrack.Modules.Maintenance.Presentation.csproj", "{DEF73AAF-3DE7-40EF-9564-FD9A3C2F2150}"
EndProject
Project("{FAE04EC0-301F-11D3-BF4B-00C04F79EFBC}") = "MyAutoTrack.Modules.Maintenance.IntegrationEvents", "src\Modules\Maintenance\MyAutoTrack.Modules.Maintenance.IntegrationEvents\MyAutoTrack.Modules.Maintenance.IntegrationEvents.csproj", "{B08946EE-42FD-48DE-BAAE-741303F616C7}"
EndProject
Project("{FAE04EC0-301F-11D3-BF4B-00C04F79EFBC}") = "MyAutoTrack.Modules.Lifecycle.Application", "src\Modules\Lifecycle\MyAutoTrack.Modules.Lifecycle.Application\MyAutoTrack.Modules.Lifecycle.Application.csproj", "{7ED74B9F-37DB-4309-A138-0344B941E43C}"
EndProject
Project("{FAE04EC0-301F-11D3-BF4B-00C04F79EFBC}") = "MyAutoTrack.Modules.Lifecycle.Domain", "src\Modules\Lifecycle\MyAutoTrack.Modules.Lifecycle.Domain\MyAutoTrack.Modules.Lifecycle.Domain.csproj", "{542082BF-2C80-4284-98C3-D2C873ECA19D}"
EndProject
Project("{FAE04EC0-301F-11D3-BF4B-00C04F79EFBC}") = "MyAutoTrack.Modules.Lifecycle.Infrastructure", "src\Modules\Lifecycle\MyAutoTrack.Modules.Lifecycle.Infrastructure\MyAutoTrack.Modules.Lifecycle.Infrastructure.csproj", "{0D2FC36B-47BF-4668-904D-C5634110EDEC}"
EndProject
Project("{FAE04EC0-301F-11D3-BF4B-00C04F79EFBC}") = "MyAutoTrack.Modules.Lifecycle.IntegrationEvents", "src\Modules\Lifecycle\MyAutoTrack.Modules.Lifecycle.IntegrationEvents\MyAutoTrack.Modules.Lifecycle.IntegrationEvents.csproj", "{D0836EB8-3394-413E-8ABE-AA4F50A62D75}"
EndProject
Project("{FAE04EC0-301F-11D3-BF4B-00C04F79EFBC}") = "MyAutoTrack.Modules.Lifecycle.Presentation", "src\Modules\Lifecycle\MyAutoTrack.Modules.Lifecycle.Presentation\MyAutoTrack.Modules.Lifecycle.Presentation.csproj", "{3955EB86-AC7A-40E6-8300-454FCB48C0CC}"
EndProject
Global
	GlobalSection(SolutionConfigurationPlatforms) = preSolution
		Debug|Any CPU = Debug|Any CPU
		Release|Any CPU = Release|Any CPU
	EndGlobalSection
	GlobalSection(ProjectConfigurationPlatforms) = postSolution
		{5F48B547-71BC-4589-8108-49BCA3530851}.Debug|Any CPU.ActiveCfg = Debug|Any CPU
		{5F48B547-71BC-4589-8108-49BCA3530851}.Debug|Any CPU.Build.0 = Debug|Any CPU
		{5F48B547-71BC-4589-8108-49BCA3530851}.Release|Any CPU.ActiveCfg = Release|Any CPU
		{5F48B547-71BC-4589-8108-49BCA3530851}.Release|Any CPU.Build.0 = Release|Any CPU
		{68E3F388-60FD-47A9-8CC6-495DD1F9ABE1}.Debug|Any CPU.ActiveCfg = Debug|Any CPU
		{68E3F388-60FD-47A9-8CC6-495DD1F9ABE1}.Debug|Any CPU.Build.0 = Debug|Any CPU
		{68E3F388-60FD-47A9-8CC6-495DD1F9ABE1}.Release|Any CPU.ActiveCfg = Release|Any CPU
		{68E3F388-60FD-47A9-8CC6-495DD1F9ABE1}.Release|Any CPU.Build.0 = Release|Any CPU
		{B71F6DFD-45E9-4F1E-B9FC-ACB3A5336D7A}.Debug|Any CPU.ActiveCfg = Debug|Any CPU
		{B71F6DFD-45E9-4F1E-B9FC-ACB3A5336D7A}.Debug|Any CPU.Build.0 = Debug|Any CPU
		{B71F6DFD-45E9-4F1E-B9FC-ACB3A5336D7A}.Release|Any CPU.ActiveCfg = Release|Any CPU
		{B71F6DFD-45E9-4F1E-B9FC-ACB3A5336D7A}.Release|Any CPU.Build.0 = Release|Any CPU
		{F68B3448-8C57-4315-BB64-C24B65A7E82B}.Debug|Any CPU.ActiveCfg = Debug|Any CPU
		{F68B3448-8C57-4315-BB64-C24B65A7E82B}.Debug|Any CPU.Build.0 = Debug|Any CPU
		{F68B3448-8C57-4315-BB64-C24B65A7E82B}.Release|Any CPU.ActiveCfg = Release|Any CPU
		{F68B3448-8C57-4315-BB64-C24B65A7E82B}.Release|Any CPU.Build.0 = Release|Any CPU
		{E7CB4422-4830-4734-B34C-244C14B2EBE0}.Debug|Any CPU.ActiveCfg = Debug|Any CPU
		{E7CB4422-4830-4734-B34C-244C14B2EBE0}.Debug|Any CPU.Build.0 = Debug|Any CPU
		{E7CB4422-4830-4734-B34C-244C14B2EBE0}.Release|Any CPU.ActiveCfg = Release|Any CPU
		{E7CB4422-4830-4734-B34C-244C14B2EBE0}.Release|Any CPU.Build.0 = Release|Any CPU
		{8DE606DA-FC3D-47BC-8EC1-80FCCFEC3E1D}.Debug|Any CPU.ActiveCfg = Debug|Any CPU
		{8DE606DA-FC3D-47BC-8EC1-80FCCFEC3E1D}.Debug|Any CPU.Build.0 = Debug|Any CPU
		{8DE606DA-FC3D-47BC-8EC1-80FCCFEC3E1D}.Release|Any CPU.ActiveCfg = Release|Any CPU
		{8DE606DA-FC3D-47BC-8EC1-80FCCFEC3E1D}.Release|Any CPU.Build.0 = Release|Any CPU
		{F844172A-4EF6-4410-A19D-E6FD27418B96}.Debug|Any CPU.ActiveCfg = Debug|Any CPU
		{F844172A-4EF6-4410-A19D-E6FD27418B96}.Debug|Any CPU.Build.0 = Debug|Any CPU
		{F844172A-4EF6-4410-A19D-E6FD27418B96}.Release|Any CPU.ActiveCfg = Release|Any CPU
		{F844172A-4EF6-4410-A19D-E6FD27418B96}.Release|Any CPU.Build.0 = Release|Any CPU
		{E2D824DC-CE0C-4789-9375-427E1C484A74}.Debug|Any CPU.ActiveCfg = Debug|Any CPU
		{E2D824DC-CE0C-4789-9375-427E1C484A74}.Debug|Any CPU.Build.0 = Debug|Any CPU
		{E2D824DC-CE0C-4789-9375-427E1C484A74}.Release|Any CPU.ActiveCfg = Release|Any CPU
		{E2D824DC-CE0C-4789-9375-427E1C484A74}.Release|Any CPU.Build.0 = Release|Any CPU
		{165D7603-F9AE-48FE-B78C-0B0F66AFC359}.Debug|Any CPU.ActiveCfg = Debug|Any CPU
		{165D7603-F9AE-48FE-B78C-0B0F66AFC359}.Debug|Any CPU.Build.0 = Debug|Any CPU
		{165D7603-F9AE-48FE-B78C-0B0F66AFC359}.Release|Any CPU.ActiveCfg = Release|Any CPU
		{165D7603-F9AE-48FE-B78C-0B0F66AFC359}.Release|Any CPU.Build.0 = Release|Any CPU
		{50247742-35A0-438B-A0AD-94F90101938D}.Debug|Any CPU.ActiveCfg = Debug|Any CPU
		{50247742-35A0-438B-A0AD-94F90101938D}.Debug|Any CPU.Build.0 = Debug|Any CPU
		{50247742-35A0-438B-A0AD-94F90101938D}.Release|Any CPU.ActiveCfg = Release|Any CPU
		{50247742-35A0-438B-A0AD-94F90101938D}.Release|Any CPU.Build.0 = Release|Any CPU
		{CBB1368A-A76F-41BC-B549-7C976A4AEE21}.Debug|Any CPU.ActiveCfg = Debug|Any CPU
		{CBB1368A-A76F-41BC-B549-7C976A4AEE21}.Debug|Any CPU.Build.0 = Debug|Any CPU
		{CBB1368A-A76F-41BC-B549-7C976A4AEE21}.Release|Any CPU.ActiveCfg = Release|Any CPU
		{CBB1368A-A76F-41BC-B549-7C976A4AEE21}.Release|Any CPU.Build.0 = Release|Any CPU
		{A254428A-0D07-4311-82B2-60FBF8E2BAE4}.Debug|Any CPU.ActiveCfg = Debug|Any CPU
		{A254428A-0D07-4311-82B2-60FBF8E2BAE4}.Debug|Any CPU.Build.0 = Debug|Any CPU
		{A254428A-0D07-4311-82B2-60FBF8E2BAE4}.Release|Any CPU.ActiveCfg = Release|Any CPU
		{A254428A-0D07-4311-82B2-60FBF8E2BAE4}.Release|Any CPU.Build.0 = Release|Any CPU
		{6766821C-F0FC-42A6-87A0-F8B2BDFEB921}.Debug|Any CPU.ActiveCfg = Debug|Any CPU
		{6766821C-F0FC-42A6-87A0-F8B2BDFEB921}.Debug|Any CPU.Build.0 = Debug|Any CPU
		{6766821C-F0FC-42A6-87A0-F8B2BDFEB921}.Release|Any CPU.ActiveCfg = Release|Any CPU
		{6766821C-F0FC-42A6-87A0-F8B2BDFEB921}.Release|Any CPU.Build.0 = Release|Any CPU
		{268EE04A-CD76-4EBA-9402-EA5275C8B4D0}.Debug|Any CPU.ActiveCfg = Debug|Any CPU
		{268EE04A-CD76-4EBA-9402-EA5275C8B4D0}.Debug|Any CPU.Build.0 = Debug|Any CPU
		{268EE04A-CD76-4EBA-9402-EA5275C8B4D0}.Release|Any CPU.ActiveCfg = Release|Any CPU
		{268EE04A-CD76-4EBA-9402-EA5275C8B4D0}.Release|Any CPU.Build.0 = Release|Any CPU
		{A321D371-E554-4B26-8068-966F699A78FA}.Debug|Any CPU.ActiveCfg = Debug|Any CPU
		{A321D371-E554-4B26-8068-966F699A78FA}.Debug|Any CPU.Build.0 = Debug|Any CPU
		{A321D371-E554-4B26-8068-966F699A78FA}.Release|Any CPU.ActiveCfg = Release|Any CPU
		{A321D371-E554-4B26-8068-966F699A78FA}.Release|Any CPU.Build.0 = Release|Any CPU
		{DCBF9A0A-11B6-49CF-B79F-DE723314B041}.Debug|Any CPU.ActiveCfg = Debug|Any CPU
		{DCBF9A0A-11B6-49CF-B79F-DE723314B041}.Debug|Any CPU.Build.0 = Debug|Any CPU
		{DCBF9A0A-11B6-49CF-B79F-DE723314B041}.Release|Any CPU.ActiveCfg = Release|Any CPU
		{DCBF9A0A-11B6-49CF-B79F-DE723314B041}.Release|Any CPU.Build.0 = Release|Any CPU
		{DEF2CCA7-D30B-427A-950E-24B10BBB905E}.Debug|Any CPU.ActiveCfg = Debug|Any CPU
		{DEF2CCA7-D30B-427A-950E-24B10BBB905E}.Debug|Any CPU.Build.0 = Debug|Any CPU
		{DEF2CCA7-D30B-427A-950E-24B10BBB905E}.Release|Any CPU.ActiveCfg = Release|Any CPU
		{DEF2CCA7-D30B-427A-950E-24B10BBB905E}.Release|Any CPU.Build.0 = Release|Any CPU
		{46E54365-178F-42F6-AFFC-44A5268A5451}.Debug|Any CPU.ActiveCfg = Debug|Any CPU
		{46E54365-178F-42F6-AFFC-44A5268A5451}.Debug|Any CPU.Build.0 = Debug|Any CPU
		{46E54365-178F-42F6-AFFC-44A5268A5451}.Release|Any CPU.ActiveCfg = Release|Any CPU
		{46E54365-178F-42F6-AFFC-44A5268A5451}.Release|Any CPU.Build.0 = Release|Any CPU
		{BBB487C6-4828-425E-8CFD-868C2DA03F46}.Debug|Any CPU.ActiveCfg = Debug|Any CPU
		{BBB487C6-4828-425E-8CFD-868C2DA03F46}.Debug|Any CPU.Build.0 = Debug|Any CPU
		{BBB487C6-4828-425E-8CFD-868C2DA03F46}.Release|Any CPU.ActiveCfg = Release|Any CPU
		{BBB487C6-4828-425E-8CFD-868C2DA03F46}.Release|Any CPU.Build.0 = Release|Any CPU
		{0C362D92-81F1-4A72-BAC0-E3BA20AF10A0}.Debug|Any CPU.ActiveCfg = Debug|Any CPU
		{0C362D92-81F1-4A72-BAC0-E3BA20AF10A0}.Debug|Any CPU.Build.0 = Debug|Any CPU
		{0C362D92-81F1-4A72-BAC0-E3BA20AF10A0}.Release|Any CPU.ActiveCfg = Release|Any CPU
		{0C362D92-81F1-4A72-BAC0-E3BA20AF10A0}.Release|Any CPU.Build.0 = Release|Any CPU
		{ABBD3116-153C-48AE-96FB-A3D8C8D3E39D}.Debug|Any CPU.ActiveCfg = Debug|Any CPU
		{ABBD3116-153C-48AE-96FB-A3D8C8D3E39D}.Debug|Any CPU.Build.0 = Debug|Any CPU
		{ABBD3116-153C-48AE-96FB-A3D8C8D3E39D}.Release|Any CPU.ActiveCfg = Release|Any CPU
		{ABBD3116-153C-48AE-96FB-A3D8C8D3E39D}.Release|Any CPU.Build.0 = Release|Any CPU
		{B3C8E544-5988-4301-9306-B4AC1CCEC511}.Debug|Any CPU.ActiveCfg = Debug|Any CPU
		{B3C8E544-5988-4301-9306-B4AC1CCEC511}.Debug|Any CPU.Build.0 = Debug|Any CPU
		{B3C8E544-5988-4301-9306-B4AC1CCEC511}.Release|Any CPU.ActiveCfg = Release|Any CPU
		{B3C8E544-5988-4301-9306-B4AC1CCEC511}.Release|Any CPU.Build.0 = Release|Any CPU
		{ADAC5C5C-7C1C-473F-97F3-9DD437B4B12E}.Debug|Any CPU.ActiveCfg = Debug|Any CPU
		{ADAC5C5C-7C1C-473F-97F3-9DD437B4B12E}.Debug|Any CPU.Build.0 = Debug|Any CPU
		{ADAC5C5C-7C1C-473F-97F3-9DD437B4B12E}.Release|Any CPU.ActiveCfg = Release|Any CPU
		{ADAC5C5C-7C1C-473F-97F3-9DD437B4B12E}.Release|Any CPU.Build.0 = Release|Any CPU
		{0054E7A2-F006-4444-A8CC-804FF5EAA943}.Debug|Any CPU.ActiveCfg = Debug|Any CPU
		{0054E7A2-F006-4444-A8CC-804FF5EAA943}.Debug|Any CPU.Build.0 = Debug|Any CPU
		{0054E7A2-F006-4444-A8CC-804FF5EAA943}.Release|Any CPU.ActiveCfg = Release|Any CPU
		{0054E7A2-F006-4444-A8CC-804FF5EAA943}.Release|Any CPU.Build.0 = Release|Any CPU
		{F465B8A3-2E50-4693-9C3E-10552E9BA32D}.Debug|Any CPU.ActiveCfg = Debug|Any CPU
		{F465B8A3-2E50-4693-9C3E-10552E9BA32D}.Debug|Any CPU.Build.0 = Debug|Any CPU
		{F465B8A3-2E50-4693-9C3E-10552E9BA32D}.Release|Any CPU.ActiveCfg = Release|Any CPU
		{F465B8A3-2E50-4693-9C3E-10552E9BA32D}.Release|Any CPU.Build.0 = Release|Any CPU
		{EF57D3D2-8C4A-4007-8122-51CA146DCBEE}.Debug|Any CPU.ActiveCfg = Debug|Any CPU
		{EF57D3D2-8C4A-4007-8122-51CA146DCBEE}.Debug|Any CPU.Build.0 = Debug|Any CPU
		{EF57D3D2-8C4A-4007-8122-51CA146DCBEE}.Release|Any CPU.ActiveCfg = Release|Any CPU
		{EF57D3D2-8C4A-4007-8122-51CA146DCBEE}.Release|Any CPU.Build.0 = Release|Any CPU
		{705F68DD-A1C9-4F4E-B855-CED560277C14}.Debug|Any CPU.ActiveCfg = Debug|Any CPU
		{705F68DD-A1C9-4F4E-B855-CED560277C14}.Debug|Any CPU.Build.0 = Debug|Any CPU
		{705F68DD-A1C9-4F4E-B855-CED560277C14}.Release|Any CPU.ActiveCfg = Release|Any CPU
		{705F68DD-A1C9-4F4E-B855-CED560277C14}.Release|Any CPU.Build.0 = Release|Any CPU
		{F5E3704E-671F-47E4-8E4D-D555919C8097}.Debug|Any CPU.ActiveCfg = Debug|Any CPU
		{F5E3704E-671F-47E4-8E4D-D555919C8097}.Debug|Any CPU.Build.0 = Debug|Any CPU
		{F5E3704E-671F-47E4-8E4D-D555919C8097}.Release|Any CPU.ActiveCfg = Release|Any CPU
		{F5E3704E-671F-47E4-8E4D-D555919C8097}.Release|Any CPU.Build.0 = Release|Any CPU
		{DEF73AAF-3DE7-40EF-9564-FD9A3C2F2150}.Debug|Any CPU.ActiveCfg = Debug|Any CPU
		{DEF73AAF-3DE7-40EF-9564-FD9A3C2F2150}.Debug|Any CPU.Build.0 = Debug|Any CPU
		{DEF73AAF-3DE7-40EF-9564-FD9A3C2F2150}.Release|Any CPU.ActiveCfg = Release|Any CPU
		{DEF73AAF-3DE7-40EF-9564-FD9A3C2F2150}.Release|Any CPU.Build.0 = Release|Any CPU
		{B08946EE-42FD-48DE-BAAE-741303F616C7}.Debug|Any CPU.ActiveCfg = Debug|Any CPU
		{B08946EE-42FD-48DE-BAAE-741303F616C7}.Debug|Any CPU.Build.0 = Debug|Any CPU
		{B08946EE-42FD-48DE-BAAE-741303F616C7}.Release|Any CPU.ActiveCfg = Release|Any CPU
		{B08946EE-42FD-48DE-BAAE-741303F616C7}.Release|Any CPU.Build.0 = Release|Any CPU
		{7ED74B9F-37DB-4309-A138-0344B941E43C}.Debug|Any CPU.ActiveCfg = Debug|Any CPU
		{7ED74B9F-37DB-4309-A138-0344B941E43C}.Debug|Any CPU.Build.0 = Debug|Any CPU
		{7ED74B9F-37DB-4309-A138-0344B941E43C}.Release|Any CPU.ActiveCfg = Release|Any CPU
		{7ED74B9F-37DB-4309-A138-0344B941E43C}.Release|Any CPU.Build.0 = Release|Any CPU
		{542082BF-2C80-4284-98C3-D2C873ECA19D}.Debug|Any CPU.ActiveCfg = Debug|Any CPU
		{542082BF-2C80-4284-98C3-D2C873ECA19D}.Debug|Any CPU.Build.0 = Debug|Any CPU
		{542082BF-2C80-4284-98C3-D2C873ECA19D}.Release|Any CPU.ActiveCfg = Release|Any CPU
		{542082BF-2C80-4284-98C3-D2C873ECA19D}.Release|Any CPU.Build.0 = Release|Any CPU
		{0D2FC36B-47BF-4668-904D-C5634110EDEC}.Debug|Any CPU.ActiveCfg = Debug|Any CPU
		{0D2FC36B-47BF-4668-904D-C5634110EDEC}.Debug|Any CPU.Build.0 = Debug|Any CPU
		{0D2FC36B-47BF-4668-904D-C5634110EDEC}.Release|Any CPU.ActiveCfg = Release|Any CPU
		{0D2FC36B-47BF-4668-904D-C5634110EDEC}.Release|Any CPU.Build.0 = Release|Any CPU
		{D0836EB8-3394-413E-8ABE-AA4F50A62D75}.Debug|Any CPU.ActiveCfg = Debug|Any CPU
		{D0836EB8-3394-413E-8ABE-AA4F50A62D75}.Debug|Any CPU.Build.0 = Debug|Any CPU
		{D0836EB8-3394-413E-8ABE-AA4F50A62D75}.Release|Any CPU.ActiveCfg = Release|Any CPU
		{D0836EB8-3394-413E-8ABE-AA4F50A62D75}.Release|Any CPU.Build.0 = Release|Any CPU
		{3955EB86-AC7A-40E6-8300-454FCB48C0CC}.Debug|Any CPU.ActiveCfg = Debug|Any CPU
		{3955EB86-AC7A-40E6-8300-454FCB48C0CC}.Debug|Any CPU.Build.0 = Debug|Any CPU
		{3955EB86-AC7A-40E6-8300-454FCB48C0CC}.Release|Any CPU.ActiveCfg = Release|Any CPU
		{3955EB86-AC7A-40E6-8300-454FCB48C0CC}.Release|Any CPU.Build.0 = Release|Any CPU
	EndGlobalSection
	GlobalSection(SolutionProperties) = preSolution
		HideSolutionNode = FALSE
	EndGlobalSection
	GlobalSection(NestedProjects) = preSolution
		{14E33FE7-01D7-4A89-BC71-7A5342FE02EF} = {2EA19D89-63E4-49D7-B4DF-155E5003F49C}
		{4843759D-A596-49E0-8106-2763C2BA7283} = {2EA19D89-63E4-49D7-B4DF-155E5003F49C}
		{08C9925E-85A4-419D-9A41-46D55824F5C9} = {2EA19D89-63E4-49D7-B4DF-155E5003F49C}
		{D57DAD21-AEA7-4C78-B4E9-C32358F8EDF2} = {08C9925E-85A4-419D-9A41-46D55824F5C9}
		{A0AF355D-839F-4D58-B02C-C7EC85797E9A} = {D57DAD21-AEA7-4C78-B4E9-C32358F8EDF2}
		{5F48B547-71BC-4589-8108-49BCA3530851} = {ABDB0432-3A37-4266-B5CB-57515F85A45A}
		{68E3F388-60FD-47A9-8CC6-495DD1F9ABE1} = {ABDB0432-3A37-4266-B5CB-57515F85A45A}
		{B71F6DFD-45E9-4F1E-B9FC-ACB3A5336D7A} = {14E33FE7-01D7-4A89-BC71-7A5342FE02EF}
		{F68B3448-8C57-4315-BB64-C24B65A7E82B} = {4843759D-A596-49E0-8106-2763C2BA7283}
		{E7CB4422-4830-4734-B34C-244C14B2EBE0} = {4843759D-A596-49E0-8106-2763C2BA7283}
		{8DE606DA-FC3D-47BC-8EC1-80FCCFEC3E1D} = {4843759D-A596-49E0-8106-2763C2BA7283}
		{F844172A-4EF6-4410-A19D-E6FD27418B96} = {4843759D-A596-49E0-8106-2763C2BA7283}
		{E2D824DC-CE0C-4789-9375-427E1C484A74} = {A0AF355D-839F-4D58-B02C-C7EC85797E9A}
		{165D7603-F9AE-48FE-B78C-0B0F66AFC359} = {A0AF355D-839F-4D58-B02C-C7EC85797E9A}
		{F6B30AB2-B08F-40B2-9250-1A90156A41D5} = {08C9925E-85A4-419D-9A41-46D55824F5C9}
		{8AAF8DCD-FE69-4161-BA9A-DF6BEDAC1F06} = {F6B30AB2-B08F-40B2-9250-1A90156A41D5}
		{68309B5C-E310-4FF4-B7D3-83A97DFD50BE} = {08C9925E-85A4-419D-9A41-46D55824F5C9}
		{3FF99669-DD47-487B-AD19-87B3C371806B} = {68309B5C-E310-4FF4-B7D3-83A97DFD50BE}
		{50247742-35A0-438B-A0AD-94F90101938D} = {8AAF8DCD-FE69-4161-BA9A-DF6BEDAC1F06}
		{CBB1368A-A76F-41BC-B549-7C976A4AEE21} = {8AAF8DCD-FE69-4161-BA9A-DF6BEDAC1F06}
		{A254428A-0D07-4311-82B2-60FBF8E2BAE4} = {3FF99669-DD47-487B-AD19-87B3C371806B}
		{6766821C-F0FC-42A6-87A0-F8B2BDFEB921} = {3FF99669-DD47-487B-AD19-87B3C371806B}
		{639442D2-90C0-44FD-ACE6-EEB54C0BDA61} = {08C9925E-85A4-419D-9A41-46D55824F5C9}
		{795E09D9-CAA1-49F0-B65C-85CC134C9B0E} = {639442D2-90C0-44FD-ACE6-EEB54C0BDA61}
		{268EE04A-CD76-4EBA-9402-EA5275C8B4D0} = {795E09D9-CAA1-49F0-B65C-85CC134C9B0E}
		{A321D371-E554-4B26-8068-966F699A78FA} = {795E09D9-CAA1-49F0-B65C-85CC134C9B0E}
		{DCBF9A0A-11B6-49CF-B79F-DE723314B041} = {D57DAD21-AEA7-4C78-B4E9-C32358F8EDF2}
		{DEF2CCA7-D30B-427A-950E-24B10BBB905E} = {D57DAD21-AEA7-4C78-B4E9-C32358F8EDF2}
		{46E54365-178F-42F6-AFFC-44A5268A5451} = {D57DAD21-AEA7-4C78-B4E9-C32358F8EDF2}
		{BBB487C6-4828-425E-8CFD-868C2DA03F46} = {D57DAD21-AEA7-4C78-B4E9-C32358F8EDF2}
		{0C362D92-81F1-4A72-BAC0-E3BA20AF10A0} = {D57DAD21-AEA7-4C78-B4E9-C32358F8EDF2}
		{ABBD3116-153C-48AE-96FB-A3D8C8D3E39D} = {F6B30AB2-B08F-40B2-9250-1A90156A41D5}
		{B3C8E544-5988-4301-9306-B4AC1CCEC511} = {F6B30AB2-B08F-40B2-9250-1A90156A41D5}
		{ADAC5C5C-7C1C-473F-97F3-9DD437B4B12E} = {F6B30AB2-B08F-40B2-9250-1A90156A41D5}
		{0054E7A2-F006-4444-A8CC-804FF5EAA943} = {F6B30AB2-B08F-40B2-9250-1A90156A41D5}
		{F465B8A3-2E50-4693-9C3E-10552E9BA32D} = {F6B30AB2-B08F-40B2-9250-1A90156A41D5}
		{EF57D3D2-8C4A-4007-8122-51CA146DCBEE} = {68309B5C-E310-4FF4-B7D3-83A97DFD50BE}
		{705F68DD-A1C9-4F4E-B855-CED560277C14} = {68309B5C-E310-4FF4-B7D3-83A97DFD50BE}
		{F5E3704E-671F-47E4-8E4D-D555919C8097} = {68309B5C-E310-4FF4-B7D3-83A97DFD50BE}
		{DEF73AAF-3DE7-40EF-9564-FD9A3C2F2150} = {68309B5C-E310-4FF4-B7D3-83A97DFD50BE}
		{B08946EE-42FD-48DE-BAAE-741303F616C7} = {68309B5C-E310-4FF4-B7D3-83A97DFD50BE}
		{7ED74B9F-37DB-4309-A138-0344B941E43C} = {639442D2-90C0-44FD-ACE6-EEB54C0BDA61}
		{542082BF-2C80-4284-98C3-D2C873ECA19D} = {639442D2-90C0-44FD-ACE6-EEB54C0BDA61}
		{0D2FC36B-47BF-4668-904D-C5634110EDEC} = {639442D2-90C0-44FD-ACE6-EEB54C0BDA61}
		{D0836EB8-3394-413E-8ABE-AA4F50A62D75} = {639442D2-90C0-44FD-ACE6-EEB54C0BDA61}
		{3955EB86-AC7A-40E6-8300-454FCB48C0CC} = {639442D2-90C0-44FD-ACE6-EEB54C0BDA61}
	EndGlobalSection
	GlobalSection(ExtensibilityGlobals) = postSolution
		SolutionGuid = {A9CB8B2E-4FAB-47C8-B039-266C6ED54017}
	EndGlobalSection
EndGlobal
